
Microsoft Visual Studio Solution File, Format Version 12.00
# Visual Studio 15
VisualStudioVersion = 15.0.26228.4
MinimumVisualStudioVersion = 10.0.40219.1
Project("{FAE04EC0-301F-11D3-BF4B-00C04F79EFBC}") = "KotorTool_2.0", "KotorTool_2.0\KotorTool_2.0.csproj", "{7213ADDD-6314-44B1-9E42-1F916E470A55}"
EndProject
Project("{2150E333-8FDC-42A3-9474-1A3956D46DE8}") = "PersistenceLayer", "PersistenceLayer", "{DFA3F70D-90E0-41B9-9F14-5117C55366FF}"
EndProject
Project("{FAE04EC0-301F-11D3-BF4B-00C04F79EFBC}") = "Persistence", "Persistence\Persistence.csproj", "{27E14381-517E-4EDE-BEE5-D47C580EBC81}"
EndProject
Project("{2150E333-8FDC-42A3-9474-1A3956D46DE8}") = "PresentationLayer", "PresentationLayer", "{A0B63FF7-FCC6-4887-AFE5-33B7E72CE905}"
EndProject
Project("{FAE04EC0-301F-11D3-BF4B-00C04F79EFBC}") = "KotorApi", "KotorApi\KotorApi.csproj", "{2A8B7669-ECAB-42C7-9B38-643D6937CE62}"
EndProject
Project("{2150E333-8FDC-42A3-9474-1A3956D46DE8}") = "DataLayer", "DataLayer", "{324B3325-1EF5-46DF-B248-65E579203DA1}"
EndProject
Project("{FAE04EC0-301F-11D3-BF4B-00C04F79EFBC}") = "CoreData", "CoreData\CoreData.csproj", "{86616B55-32EF-4DDA-B594-F12F60A53031}"
EndProject
Project("{2150E333-8FDC-42A3-9474-1A3956D46DE8}") = "Tests", "Tests", "{2F136B5B-D122-430C-AF8D-D24672AEA9CE}"
EndProject
Project("{FAE04EC0-301F-11D3-BF4B-00C04F79EFBC}") = "FileTests", "FileTests\FileTests.csproj", "{8AFCDB3D-5BAC-4F93-9041-B9C40490C515}"
EndProject
Project("{2150E333-8FDC-42A3-9474-1A3956D46DE8}") = "Ui", "Ui", "{6460B26B-0528-4D77-A93F-B5029FF0EA2C}"
EndProject
Project("{FAE04EC0-301F-11D3-BF4B-00C04F79EFBC}") = "KotorToolWpf", "KotorToolWpf\KotorToolWpf.csproj", "{C388101A-8680-4185-821A-9111F1B8FBBE}"
EndProject
Project("{FAE04EC0-301F-11D3-BF4B-00C04F79EFBC}") = "WpfControls", "WpfControls\WpfControls.csproj", "{8B6C8E5A-94B1-4B44-B6A6-A91F89C97D73}"
EndProject
Global
	GlobalSection(SolutionConfigurationPlatforms) = preSolution
		Debug|Any CPU = Debug|Any CPU
		Release|Any CPU = Release|Any CPU
	EndGlobalSection
	GlobalSection(ProjectConfigurationPlatforms) = postSolution
		{7213ADDD-6314-44B1-9E42-1F916E470A55}.Debug|Any CPU.ActiveCfg = Debug|Any CPU
		{7213ADDD-6314-44B1-9E42-1F916E470A55}.Debug|Any CPU.Build.0 = Debug|Any CPU
		{7213ADDD-6314-44B1-9E42-1F916E470A55}.Release|Any CPU.ActiveCfg = Release|Any CPU
		{7213ADDD-6314-44B1-9E42-1F916E470A55}.Release|Any CPU.Build.0 = Release|Any CPU
		{27E14381-517E-4EDE-BEE5-D47C580EBC81}.Debug|Any CPU.ActiveCfg = Debug|Any CPU
		{27E14381-517E-4EDE-BEE5-D47C580EBC81}.Debug|Any CPU.Build.0 = Debug|Any CPU
		{27E14381-517E-4EDE-BEE5-D47C580EBC81}.Release|Any CPU.ActiveCfg = Release|Any CPU
		{27E14381-517E-4EDE-BEE5-D47C580EBC81}.Release|Any CPU.Build.0 = Release|Any CPU
		{2A8B7669-ECAB-42C7-9B38-643D6937CE62}.Debug|Any CPU.ActiveCfg = Debug|Any CPU
		{2A8B7669-ECAB-42C7-9B38-643D6937CE62}.Debug|Any CPU.Build.0 = Debug|Any CPU
		{2A8B7669-ECAB-42C7-9B38-643D6937CE62}.Release|Any CPU.ActiveCfg = Release|Any CPU
		{2A8B7669-ECAB-42C7-9B38-643D6937CE62}.Release|Any CPU.Build.0 = Release|Any CPU
		{86616B55-32EF-4DDA-B594-F12F60A53031}.Debug|Any CPU.ActiveCfg = Debug|Any CPU
		{86616B55-32EF-4DDA-B594-F12F60A53031}.Debug|Any CPU.Build.0 = Debug|Any CPU
		{86616B55-32EF-4DDA-B594-F12F60A53031}.Release|Any CPU.ActiveCfg = Release|Any CPU
		{86616B55-32EF-4DDA-B594-F12F60A53031}.Release|Any CPU.Build.0 = Release|Any CPU
		{8AFCDB3D-5BAC-4F93-9041-B9C40490C515}.Debug|Any CPU.ActiveCfg = Debug|Any CPU
		{8AFCDB3D-5BAC-4F93-9041-B9C40490C515}.Debug|Any CPU.Build.0 = Debug|Any CPU
		{8AFCDB3D-5BAC-4F93-9041-B9C40490C515}.Release|Any CPU.ActiveCfg = Release|Any CPU
		{8AFCDB3D-5BAC-4F93-9041-B9C40490C515}.Release|Any CPU.Build.0 = Release|Any CPU
		{C388101A-8680-4185-821A-9111F1B8FBBE}.Debug|Any CPU.ActiveCfg = Debug|Any CPU
		{C388101A-8680-4185-821A-9111F1B8FBBE}.Debug|Any CPU.Build.0 = Debug|Any CPU
		{C388101A-8680-4185-821A-9111F1B8FBBE}.Release|Any CPU.ActiveCfg = Release|Any CPU
		{C388101A-8680-4185-821A-9111F1B8FBBE}.Release|Any CPU.Build.0 = Release|Any CPU
		{8B6C8E5A-94B1-4B44-B6A6-A91F89C97D73}.Debug|Any CPU.ActiveCfg = Debug|Any CPU
		{8B6C8E5A-94B1-4B44-B6A6-A91F89C97D73}.Debug|Any CPU.Build.0 = Debug|Any CPU
		{8B6C8E5A-94B1-4B44-B6A6-A91F89C97D73}.Release|Any CPU.ActiveCfg = Release|Any CPU
		{8B6C8E5A-94B1-4B44-B6A6-A91F89C97D73}.Release|Any CPU.Build.0 = Release|Any CPU
	EndGlobalSection
	GlobalSection(SolutionProperties) = preSolution
		HideSolutionNode = FALSE
	EndGlobalSection
	GlobalSection(NestedProjects) = preSolution
		{27E14381-517E-4EDE-BEE5-D47C580EBC81} = {DFA3F70D-90E0-41B9-9F14-5117C55366FF}
		{2A8B7669-ECAB-42C7-9B38-643D6937CE62} = {A0B63FF7-FCC6-4887-AFE5-33B7E72CE905}
		{86616B55-32EF-4DDA-B594-F12F60A53031} = {324B3325-1EF5-46DF-B248-65E579203DA1}
		{8AFCDB3D-5BAC-4F93-9041-B9C40490C515} = {2F136B5B-D122-430C-AF8D-D24672AEA9CE}
		{C388101A-8680-4185-821A-9111F1B8FBBE} = {6460B26B-0528-4D77-A93F-B5029FF0EA2C}
		{8B6C8E5A-94B1-4B44-B6A6-A91F89C97D73} = {6460B26B-0528-4D77-A93F-B5029FF0EA2C}
	EndGlobalSection
	GlobalSection(ExtensibilityGlobals) = postSolution
		SolutionGuid = {CD8C00C4-8721-4663-B2D9-A248BC325D4A}
	EndGlobalSection
EndGlobal
